
Microsoft Visual Studio Solution File, Format Version 12.00
# Visual Studio Version 17
VisualStudioVersion = 17.5.002.0
MinimumVisualStudioVersion = 10.0.40219.1
Project("{9A19103F-16F7-4668-BE54-9A1E7A4F7556}") = "MappingObjects", "MappingObjects.csproj", "{FE3745B5-4987-433F-9361-D638D3BB0A73}"
EndProject
Global
	GlobalSection(SolutionConfigurationPlatforms) = preSolution
		Debug|Any CPU = Debug|Any CPU
		Release|Any CPU = Release|Any CPU
	EndGlobalSection
	GlobalSection(ProjectConfigurationPlatforms) = postSolution
		{FE3745B5-4987-433F-9361-D638D3BB0A73}.Debug|Any CPU.ActiveCfg = Debug|Any CPU
		{FE3745B5-4987-433F-9361-D638D3BB0A73}.Debug|Any CPU.Build.0 = Debug|Any CPU
		{FE3745B5-4987-433F-9361-D638D3BB0A73}.Release|Any CPU.ActiveCfg = Release|Any CPU
		{FE3745B5-4987-433F-9361-D638D3BB0A73}.Release|Any CPU.Build.0 = Release|Any CPU
	EndGlobalSection
	GlobalSection(SolutionProperties) = preSolution
		HideSolutionNode = FALSE
	EndGlobalSection
	GlobalSection(ExtensibilityGlobals) = postSolution
		SolutionGuid = {8E1EAE50-D021-4E59-BA8D-E6E33BD22236}
	EndGlobalSection
EndGlobal
